
Microsoft Visual Studio Solution File, Format Version 12.00
# Visual Studio Version 16
VisualStudioVersion = 16.0.30104.148
MinimumVisualStudioVersion = 10.0.40219.1
Project("{8BC9CEB8-8B4A-11D0-8D11-00A0C91BC942}") = "QSnake", "QSnake.vcxproj", "{A14C2CEB-B98B-332D-89A1-63B27EEF676C}"
EndProject
Global
	GlobalSection(SolutionConfigurationPlatforms) = preSolution
		Debug|x64 = Debug|x64
		Release|x64 = Release|x64
	EndGlobalSection
	GlobalSection(ProjectConfigurationPlatforms) = postSolution
		{A14C2CEB-B98B-332D-89A1-63B27EEF676C}.Debug|x64.ActiveCfg = Debug|x64
		{A14C2CEB-B98B-332D-89A1-63B27EEF676C}.Debug|x64.Build.0 = Debug|x64
		{A14C2CEB-B98B-332D-89A1-63B27EEF676C}.Release|x64.ActiveCfg = Release|x64
		{A14C2CEB-B98B-332D-89A1-63B27EEF676C}.Release|x64.Build.0 = Release|x64
	EndGlobalSection
	GlobalSection(SolutionProperties) = preSolution
		HideSolutionNode = FALSE
	EndGlobalSection
	GlobalSection(ExtensibilityGlobals) = postSolution
		SolutionGuid = {47BB9E0B-9643-480C-A434-2EDFEAC2B810}
	EndGlobalSection
EndGlobal
